
Microsoft Visual Studio Solution File, Format Version 12.00
# Visual Studio Version 17
VisualStudioVersion = 17.14.36414.22 d17.14
MinimumVisualStudioVersion = 10.0.40219.1
Project("{FAE04EC0-301F-11D3-BF4B-00C04F79EFBC}") = "frontendtry", "frontendtry\frontendtry.csproj", "{54F865E4-F58A-4735-8C3A-3D86A2B5FAF9}"
EndProject
Global
	GlobalSection(SolutionConfigurationPlatforms) = preSolution
		Debug|Any CPU = Debug|Any CPU
		Release|Any CPU = Release|Any CPU
	EndGlobalSection
	GlobalSection(ProjectConfigurationPlatforms) = postSolution
		{54F865E4-F58A-4735-8C3A-3D86A2B5FAF9}.Debug|Any CPU.ActiveCfg = Debug|Any CPU
		{54F865E4-F58A-4735-8C3A-3D86A2B5FAF9}.Debug|Any CPU.Build.0 = Debug|Any CPU
		{54F865E4-F58A-4735-8C3A-3D86A2B5FAF9}.Release|Any CPU.ActiveCfg = Release|Any CPU
		{54F865E4-F58A-4735-8C3A-3D86A2B5FAF9}.Release|Any CPU.Build.0 = Release|Any CPU
	EndGlobalSection
	GlobalSection(SolutionProperties) = preSolution
		HideSolutionNode = FALSE
	EndGlobalSection
	GlobalSection(ExtensibilityGlobals) = postSolution
		SolutionGuid = {AFABCE9D-3845-4ED0-BD60-9EE33C835E64}
	EndGlobalSection
EndGlobal
