
Microsoft Visual Studio Solution File, Format Version 12.00
# Visual Studio Version 17
VisualStudioVersion = 17.14.36414.22
MinimumVisualStudioVersion = 10.0.40219.1
Project("{FAE04EC0-301F-11D3-BF4B-00C04F79EFBC}") = "gatchapon", "gatchapon\gatchapon.csproj", "{2A8DA8BE-670A-4AFB-BF7D-456D375B0F68}"
EndProject
Global
	GlobalSection(SolutionConfigurationPlatforms) = preSolution
		Debug|Any CPU = Debug|Any CPU
		Release|Any CPU = Release|Any CPU
	EndGlobalSection
	GlobalSection(ProjectConfigurationPlatforms) = postSolution
		{2A8DA8BE-670A-4AFB-BF7D-456D375B0F68}.Debug|Any CPU.ActiveCfg = Debug|Any CPU
		{2A8DA8BE-670A-4AFB-BF7D-456D375B0F68}.Debug|Any CPU.Build.0 = Debug|Any CPU
		{2A8DA8BE-670A-4AFB-BF7D-456D375B0F68}.Debug|Any CPU.Deploy.0 = Debug|Any CPU
		{2A8DA8BE-670A-4AFB-BF7D-456D375B0F68}.Release|Any CPU.ActiveCfg = Release|Any CPU
		{2A8DA8BE-670A-4AFB-BF7D-456D375B0F68}.Release|Any CPU.Build.0 = Release|Any CPU
	EndGlobalSection
	GlobalSection(SolutionProperties) = preSolution
		HideSolutionNode = FALSE
	EndGlobalSection
	GlobalSection(ExtensibilityGlobals) = postSolution
		SolutionGuid = {803674D2-30EC-42D1-BF89-11A7D4A1C118}
	EndGlobalSection
EndGlobal
